<?xml version="1.0" encoding="utf-8"?>
<Project ToolsVersion="4.0" xmlns="http://schemas.microsoft.com/developer/msbuild/2003">
  <ItemGroup>
    <ClCompile Include="src\Core\PhysicsConsts.cpp" />
    <ClCompile Include="src\Core\Rotation.cpp" />
    <ClCompile Include="src\Core\Vector3.cpp" />
    <ClCompile Include="src\Geometry\CometModel.cpp" />
    <ClCompile Include="src\Geometry\CometSurface.cpp" />
    <ClCompile Include="src\Geometry\Geometry.cpp" />
    <ClCompile Include="src\Geometry\MeshTriangle.cpp" />
    <ClCompile Include="src\IO\PLY.cpp" />
    <ClCompile Include="src\IO\plycpp.cpp" />
    <ClCompile Include="src\Physics\Forces.cpp" />
    <ClCompile Include="src\Physics\Particle.cpp" />
    <ClCompile Include="src\Physics\ParticleSystem.cpp" />
    <ClCompile Include="src\Physics\Sun.cpp" />
    <ClCompile Include="src\CometsPhd.cpp" />
  </ItemGroup>
  <ItemGroup>
    <ClInclude Include="src\Core\PhysicsConsts.h" />
    <ClInclude Include="src\Core\Rotation.h" />
    <ClInclude Include="src\Core\Vector3.h" />
    <ClInclude Include="src\Geometry\CometModel.h" />
    <ClInclude Include="src\Geometry\CometSurface.h" />
    <ClInclude Include="src\Geometry\Geometry.h" />
    <ClInclude Include="src\Geometry\MeshTriangle.h" />
    <ClInclude Include="src\IO\PLY.h" />
    <ClInclude Include="src\IO\plycpp.h" />
    <ClInclude Include="src\Physics\Forces.h" />
    <ClInclude Include="src\Physics\Particle.h" />
    <ClInclude Include="src\Physics\ParticleSystem.h" />
    <ClInclude Include="src\Physics\Sun.h" />
  </ItemGroup>
  <ItemGroup>
    <None Include=".gitignore" />
  </ItemGroup>
</Project>